{
	"name": "@dw/visualization-highcharts",
	"version": "0.0.1-alpha.4",
	"lockfileVersion": 2,
	"requires": true,
	"packages": {
		"": {
			"name": "@dw/visualization-highcharts",
			"version": "0.0.1-alpha.4",
			"dependencies": {
				"highcharts": "^11.1.0",
				"highcharts-react-official": "^3.2.0"
			},
			"devDependencies": {
				"@types/react": "^18.0.27",
				"@types/react-dom": "^18.0.10",
				"react": "^18.2.0",
				"react-dom": "^18.2.0",
				"rimraf": "^4.4.0",
				"typescript": "^4.8.3"
			},
			"peerDependencies": {
				"react": "^16.0.0 || ^17.0.0 || ^18.0.0",
				"react-dom": "^16.0.0 || ^17.0.0 || ^18.0.0"
			}
		},
		"node_modules/@types/prop-types": {
			"version": "15.7.5",
			"resolved": "https://devdiv.pkgs.visualstudio.com/OnlineServices/_packaging/AzureNotebooksEntry/npm/registry/@types/prop-types/-/prop-types-15.7.5.tgz",
			"integrity": "sha1-XxnSuFqY6VWANvajysyIGUIPBc8=",
			"dev": true,
			"license": "MIT"
		},
		"node_modules/@types/react": {
			"version": "18.0.28",
			"resolved": "https://devdiv.pkgs.visualstudio.com/OnlineServices/_packaging/AzureNotebooksEntry/npm/registry/@types/react/-/react-18.0.28.tgz",
			"integrity": "sha1-rMrri4b0kIBXrWKaJmNf5kFIAGU=",
			"dev": true,
			"license": "MIT",
			"dependencies": {
				"@types/prop-types": "*",
				"@types/scheduler": "*",
				"csstype": "^3.0.2"
			}
		},
		"node_modules/@types/react-dom": {
			"version": "18.0.11",
			"resolved": "https://devdiv.pkgs.visualstudio.com/OnlineServices/_packaging/AzureNotebooksEntry/npm/registry/@types/react-dom/-/react-dom-18.0.11.tgz",
			"integrity": "sha1-MhNRwUWbyco9IWrvyKFnvuwzTjM=",
			"dev": true,
			"license": "MIT",
			"dependencies": {
				"@types/react": "*"
			}
		},
		"node_modules/@types/scheduler": {
			"version": "0.16.2",
			"resolved": "https://devdiv.pkgs.visualstudio.com/OnlineServices/_packaging/AzureNotebooksEntry/npm/registry/@types/scheduler/-/scheduler-0.16.2.tgz",
			"integrity": "sha1-GmL4lSVyPd4kuhsBsJK/XfitTTk=",
			"dev": true,
			"license": "MIT"
		},
		"node_modules/balanced-match": {
			"version": "1.0.2",
			"resolved": "https://devdiv.pkgs.visualstudio.com/OnlineServices/_packaging/AzureNotebooksEntry/npm/registry/balanced-match/-/balanced-match-1.0.2.tgz",
			"integrity": "sha1-6D46fj8wCzTLnYf2FfoMvzV2kO4=",
			"dev": true,
			"license": "MIT"
		},
		"node_modules/brace-expansion": {
			"version": "2.0.1",
			"resolved": "https://devdiv.pkgs.visualstudio.com/OnlineServices/_packaging/AzureNotebooksEntry/npm/registry/brace-expansion/-/brace-expansion-2.0.1.tgz",
			"integrity": "sha1-HtxFng8MVISG7Pn8mfIiE2S5oK4=",
			"dev": true,
			"license": "MIT",
			"dependencies": {
				"balanced-match": "^1.0.0"
			}
		},
		"node_modules/csstype": {
			"version": "3.1.1",
			"resolved": "https://devdiv.pkgs.visualstudio.com/OnlineServices/_packaging/AzureNotebooksEntry/npm/registry/csstype/-/csstype-3.1.1.tgz",
			"integrity": "sha1-hBtTLEXHWO5UahHVvXt7RzyMMLk=",
			"dev": true,
			"license": "MIT"
		},
		"node_modules/fs.realpath": {
			"version": "1.0.0",
			"resolved": "https://devdiv.pkgs.visualstudio.com/OnlineServices/_packaging/AzureNotebooksEntry/npm/registry/fs.realpath/-/fs.realpath-1.0.0.tgz",
			"integrity": "sha1-FQStJSMVjKpA20onh8sBQRmU6k8=",
			"dev": true,
			"license": "ISC"
		},
		"node_modules/glob": {
			"version": "9.2.1",
			"resolved": "https://devdiv.pkgs.visualstudio.com/OnlineServices/_packaging/AzureNotebooksEntry/npm/registry/glob/-/glob-9.2.1.tgz",
			"integrity": "sha1-9H404RGefU+TpUbnWFG6Hx5o3lA=",
			"dev": true,
			"license": "ISC",
			"dependencies": {
				"fs.realpath": "^1.0.0",
				"minimatch": "^7.4.1",
				"minipass": "^4.2.4",
				"path-scurry": "^1.6.1"
			},
			"engines": {
				"node": ">=16 || 14 >=14.17"
			},
			"funding": {
				"url": "https://github.com/sponsors/isaacs"
			}
		},
		"node_modules/highcharts": {
			"version": "11.1.0",
			"resolved": "https://devdiv.pkgs.visualstudio.com/OnlineServices/_packaging/AzureNotebooksEntry/npm/registry/highcharts/-/highcharts-11.1.0.tgz",
			"integrity": "sha1-cV61X9CBNRtSbijNiawOTjCzXBU=",
			"license": "https://www.highcharts.com/license"
		},
		"node_modules/highcharts-react-official": {
			"version": "3.2.0",
			"resolved": "https://devdiv.pkgs.visualstudio.com/OnlineServices/_packaging/AzureNotebooksEntry/npm/registry/highcharts-react-official/-/highcharts-react-official-3.2.0.tgz",
			"integrity": "sha1-QvjyN9c+7GeRMY77QSNwZwAM+BU=",
			"license": "MIT",
			"peerDependencies": {
				"highcharts": ">=6.0.0",
				"react": ">=16.8.0"
			}
		},
		"node_modules/js-tokens": {
			"version": "4.0.0",
			"resolved": "https://devdiv.pkgs.visualstudio.com/OnlineServices/_packaging/AzureNotebooksEntry/npm/registry/js-tokens/-/js-tokens-4.0.0.tgz",
			"integrity": "sha1-GSA/tZmR35jjoocFDUZHzerzJJk=",
			"license": "MIT"
		},
		"node_modules/loose-envify": {
			"version": "1.4.0",
			"resolved": "https://devdiv.pkgs.visualstudio.com/OnlineServices/_packaging/AzureNotebooksEntry/npm/registry/loose-envify/-/loose-envify-1.4.0.tgz",
			"integrity": "sha1-ce5R+nvkyuwaY4OffmgtgTLTDK8=",
			"license": "MIT",
			"dependencies": {
				"js-tokens": "^3.0.0 || ^4.0.0"
			},
			"bin": {
				"loose-envify": "cli.js"
			}
		},
		"node_modules/lru-cache": {
			"version": "7.18.3",
			"resolved": "https://devdiv.pkgs.visualstudio.com/OnlineServices/_packaging/AzureNotebooksEntry/npm/registry/lru-cache/-/lru-cache-7.18.3.tgz",
			"integrity": "sha1-95OJbg/Q6VSlnf3YLwdzgI32qok=",
			"dev": true,
			"license": "ISC",
			"engines": {
				"node": ">=12"
			}
		},
		"node_modules/minimatch": {
			"version": "7.4.2",
			"resolved": "https://devdiv.pkgs.visualstudio.com/OnlineServices/_packaging/AzureNotebooksEntry/npm/registry/minimatch/-/minimatch-7.4.2.tgz",
			"integrity": "sha1-FX6EfXnKZxBUJTuEBlZyDLcz8Q8=",
			"dev": true,
			"license": "ISC",
			"dependencies": {
				"brace-expansion": "^2.0.1"
			},
			"engines": {
				"node": ">=10"
			},
			"funding": {
				"url": "https://github.com/sponsors/isaacs"
			}
		},
		"node_modules/minipass": {
			"version": "4.2.4",
			"resolved": "https://devdiv.pkgs.visualstudio.com/OnlineServices/_packaging/AzureNotebooksEntry/npm/registry/minipass/-/minipass-4.2.4.tgz",
			"integrity": "sha1-fQ2XQ0tqGfWcXDIhaYtIu/OyzQY=",
			"dev": true,
			"license": "ISC",
			"engines": {
				"node": ">=8"
			}
		},
		"node_modules/path-scurry": {
			"version": "1.6.1",
			"resolved": "https://devdiv.pkgs.visualstudio.com/OnlineServices/_packaging/AzureNotebooksEntry/npm/registry/path-scurry/-/path-scurry-1.6.1.tgz",
			"integrity": "sha1-2rRfe7HT9FoOJxqyWJmfSrfiMTI=",
			"dev": true,
			"license": "BlueOak-1.0.0",
			"dependencies": {
				"lru-cache": "^7.14.1",
				"minipass": "^4.0.2"
			},
			"engines": {
				"node": ">=14"
			},
			"funding": {
				"url": "https://github.com/sponsors/isaacs"
			}
		},
		"node_modules/react": {
			"version": "18.2.0",
			"resolved": "https://devdiv.pkgs.visualstudio.com/OnlineServices/_packaging/AzureNotebooksEntry/npm/registry/react/-/react-18.2.0.tgz",
			"integrity": "sha1-VVvZhZKIMlX6AN4U8RUakXtdd9U=",
			"license": "MIT",
			"dependencies": {
				"loose-envify": "^1.1.0"
			},
			"engines": {
				"node": ">=0.10.0"
			}
		},
		"node_modules/react-dom": {
			"version": "18.2.0",
			"resolved": "https://devdiv.pkgs.visualstudio.com/OnlineServices/_packaging/AzureNotebooksEntry/npm/registry/react-dom/-/react-dom-18.2.0.tgz",
			"integrity": "sha1-IqrzhwjbJnTtmtoiTKSqcI2CHj0=",
			"dev": true,
			"license": "MIT",
			"dependencies": {
				"loose-envify": "^1.1.0",
				"scheduler": "^0.23.0"
			},
			"peerDependencies": {
				"react": "^18.2.0"
			}
		},
		"node_modules/rimraf": {
			"version": "4.4.0",
			"resolved": "https://devdiv.pkgs.visualstudio.com/OnlineServices/_packaging/AzureNotebooksEntry/npm/registry/rimraf/-/rimraf-4.4.0.tgz",
			"integrity": "sha1-x6n0W7LsBY0uYO+aylFnl0MT1gU=",
			"dev": true,
			"license": "ISC",
			"dependencies": {
				"glob": "^9.2.0"
			},
			"bin": {
				"rimraf": "dist/cjs/src/bin.js"
			},
			"engines": {
				"node": ">=14"
			},
			"funding": {
				"url": "https://github.com/sponsors/isaacs"
			}
		},
		"node_modules/scheduler": {
			"version": "0.23.0",
			"resolved": "https://devdiv.pkgs.visualstudio.com/OnlineServices/_packaging/AzureNotebooksEntry/npm/registry/scheduler/-/scheduler-0.23.0.tgz",
			"integrity": "sha1-uoBBr8PTDrIGpIe2s4QALk5h/f4=",
			"dev": true,
			"license": "MIT",
			"dependencies": {
				"loose-envify": "^1.1.0"
			}
		},
		"node_modules/typescript": {
			"version": "4.8.4",
			"resolved": "https://devdiv.pkgs.visualstudio.com/OnlineServices/_packaging/AzureNotebooksEntry/npm/registry/typescript/-/typescript-4.8.4.tgz",
			"integrity": "sha1-xGSryhWWaVl75flriUNQCyOOYOY=",
			"dev": true,
			"license": "Apache-2.0",
			"bin": {
				"tsc": "bin/tsc",
				"tsserver": "bin/tsserver"
			},
			"engines": {
				"node": ">=4.2.0"
			}
		}
	},
	"dependencies": {
		"@types/prop-types": {
			"version": "15.7.5",
			"resolved": "https://devdiv.pkgs.visualstudio.com/OnlineServices/_packaging/AzureNotebooksEntry/npm/registry/@types/prop-types/-/prop-types-15.7.5.tgz",
			"integrity": "sha1-XxnSuFqY6VWANvajysyIGUIPBc8=",
			"dev": true
		},
		"@types/react": {
			"version": "18.0.28",
			"resolved": "https://devdiv.pkgs.visualstudio.com/OnlineServices/_packaging/AzureNotebooksEntry/npm/registry/@types/react/-/react-18.0.28.tgz",
			"integrity": "sha1-rMrri4b0kIBXrWKaJmNf5kFIAGU=",
			"dev": true,
			"requires": {
				"@types/prop-types": "*",
				"@types/scheduler": "*",
				"csstype": "^3.0.2"
			}
		},
		"@types/react-dom": {
			"version": "18.0.11",
			"resolved": "https://devdiv.pkgs.visualstudio.com/OnlineServices/_packaging/AzureNotebooksEntry/npm/registry/@types/react-dom/-/react-dom-18.0.11.tgz",
			"integrity": "sha1-MhNRwUWbyco9IWrvyKFnvuwzTjM=",
			"dev": true,
			"requires": {
				"@types/react": "*"
			}
		},
		"@types/scheduler": {
			"version": "0.16.2",
			"resolved": "https://devdiv.pkgs.visualstudio.com/OnlineServices/_packaging/AzureNotebooksEntry/npm/registry/@types/scheduler/-/scheduler-0.16.2.tgz",
			"integrity": "sha1-GmL4lSVyPd4kuhsBsJK/XfitTTk=",
			"dev": true
		},
		"balanced-match": {
			"version": "1.0.2",
			"resolved": "https://devdiv.pkgs.visualstudio.com/OnlineServices/_packaging/AzureNotebooksEntry/npm/registry/balanced-match/-/balanced-match-1.0.2.tgz",
			"integrity": "sha1-6D46fj8wCzTLnYf2FfoMvzV2kO4=",
			"dev": true
		},
		"brace-expansion": {
			"version": "2.0.1",
			"resolved": "https://devdiv.pkgs.visualstudio.com/OnlineServices/_packaging/AzureNotebooksEntry/npm/registry/brace-expansion/-/brace-expansion-2.0.1.tgz",
			"integrity": "sha1-HtxFng8MVISG7Pn8mfIiE2S5oK4=",
			"dev": true,
			"requires": {
				"balanced-match": "^1.0.0"
			}
		},
		"csstype": {
			"version": "3.1.1",
			"resolved": "https://devdiv.pkgs.visualstudio.com/OnlineServices/_packaging/AzureNotebooksEntry/npm/registry/csstype/-/csstype-3.1.1.tgz",
			"integrity": "sha1-hBtTLEXHWO5UahHVvXt7RzyMMLk=",
			"dev": true
		},
		"fs.realpath": {
			"version": "1.0.0",
			"resolved": "https://devdiv.pkgs.visualstudio.com/OnlineServices/_packaging/AzureNotebooksEntry/npm/registry/fs.realpath/-/fs.realpath-1.0.0.tgz",
			"integrity": "sha1-FQStJSMVjKpA20onh8sBQRmU6k8=",
			"dev": true
		},
		"glob": {
			"version": "9.2.1",
			"resolved": "https://devdiv.pkgs.visualstudio.com/OnlineServices/_packaging/AzureNotebooksEntry/npm/registry/glob/-/glob-9.2.1.tgz",
			"integrity": "sha1-9H404RGefU+TpUbnWFG6Hx5o3lA=",
			"dev": true,
			"requires": {
				"fs.realpath": "^1.0.0",
				"minimatch": "^7.4.1",
				"minipass": "^4.2.4",
				"path-scurry": "^1.6.1"
			}
		},
		"highcharts": {
			"version": "11.1.0",
			"resolved": "https://devdiv.pkgs.visualstudio.com/OnlineServices/_packaging/AzureNotebooksEntry/npm/registry/highcharts/-/highcharts-11.1.0.tgz",
			"integrity": "sha1-cV61X9CBNRtSbijNiawOTjCzXBU="
		},
		"highcharts-react-official": {
			"version": "3.2.0",
			"resolved": "https://devdiv.pkgs.visualstudio.com/OnlineServices/_packaging/AzureNotebooksEntry/npm/registry/highcharts-react-official/-/highcharts-react-official-3.2.0.tgz",
			"integrity": "sha1-QvjyN9c+7GeRMY77QSNwZwAM+BU=",
			"requires": {}
		},
		"js-tokens": {
			"version": "4.0.0",
			"resolved": "https://devdiv.pkgs.visualstudio.com/OnlineServices/_packaging/AzureNotebooksEntry/npm/registry/js-tokens/-/js-tokens-4.0.0.tgz",
			"integrity": "sha1-GSA/tZmR35jjoocFDUZHzerzJJk="
		},
		"loose-envify": {
			"version": "1.4.0",
			"resolved": "https://devdiv.pkgs.visualstudio.com/OnlineServices/_packaging/AzureNotebooksEntry/npm/registry/loose-envify/-/loose-envify-1.4.0.tgz",
			"integrity": "sha1-ce5R+nvkyuwaY4OffmgtgTLTDK8=",
			"requires": {
				"js-tokens": "^3.0.0 || ^4.0.0"
			}
		},
		"lru-cache": {
			"version": "7.18.3",
			"resolved": "https://devdiv.pkgs.visualstudio.com/OnlineServices/_packaging/AzureNotebooksEntry/npm/registry/lru-cache/-/lru-cache-7.18.3.tgz",
			"integrity": "sha1-95OJbg/Q6VSlnf3YLwdzgI32qok=",
			"dev": true
		},
		"minimatch": {
			"version": "7.4.2",
			"resolved": "https://devdiv.pkgs.visualstudio.com/OnlineServices/_packaging/AzureNotebooksEntry/npm/registry/minimatch/-/minimatch-7.4.2.tgz",
			"integrity": "sha1-FX6EfXnKZxBUJTuEBlZyDLcz8Q8=",
			"dev": true,
			"requires": {
				"brace-expansion": "^2.0.1"
			}
		},
		"minipass": {
			"version": "4.2.4",
			"resolved": "https://devdiv.pkgs.visualstudio.com/OnlineServices/_packaging/AzureNotebooksEntry/npm/registry/minipass/-/minipass-4.2.4.tgz",
			"integrity": "sha1-fQ2XQ0tqGfWcXDIhaYtIu/OyzQY=",
			"dev": true
		},
		"path-scurry": {
			"version": "1.6.1",
			"resolved": "https://devdiv.pkgs.visualstudio.com/OnlineServices/_packaging/AzureNotebooksEntry/npm/registry/path-scurry/-/path-scurry-1.6.1.tgz",
			"integrity": "sha1-2rRfe7HT9FoOJxqyWJmfSrfiMTI=",
			"dev": true,
			"requires": {
				"lru-cache": "^7.14.1",
				"minipass": "^4.0.2"
			}
		},
		"react": {
			"version": "18.2.0",
			"resolved": "https://devdiv.pkgs.visualstudio.com/OnlineServices/_packaging/AzureNotebooksEntry/npm/registry/react/-/react-18.2.0.tgz",
			"integrity": "sha1-VVvZhZKIMlX6AN4U8RUakXtdd9U=",
			"requires": {
				"loose-envify": "^1.1.0"
			}
		},
		"react-dom": {
			"version": "18.2.0",
			"resolved": "https://devdiv.pkgs.visualstudio.com/OnlineServices/_packaging/AzureNotebooksEntry/npm/registry/react-dom/-/react-dom-18.2.0.tgz",
			"integrity": "sha1-IqrzhwjbJnTtmtoiTKSqcI2CHj0=",
			"dev": true,
			"requires": {
				"loose-envify": "^1.1.0",
				"scheduler": "^0.23.0"
			}
		},
		"rimraf": {
			"version": "4.4.0",
			"resolved": "https://devdiv.pkgs.visualstudio.com/OnlineServices/_packaging/AzureNotebooksEntry/npm/registry/rimraf/-/rimraf-4.4.0.tgz",
			"integrity": "sha1-x6n0W7LsBY0uYO+aylFnl0MT1gU=",
			"dev": true,
			"requires": {
				"glob": "^9.2.0"
			}
		},
		"scheduler": {
			"version": "0.23.0",
			"resolved": "https://devdiv.pkgs.visualstudio.com/OnlineServices/_packaging/AzureNotebooksEntry/npm/registry/scheduler/-/scheduler-0.23.0.tgz",
			"integrity": "sha1-uoBBr8PTDrIGpIe2s4QALk5h/f4=",
			"dev": true,
			"requires": {
				"loose-envify": "^1.1.0"
			}
		},
		"typescript": {
			"version": "4.8.4",
			"resolved": "https://devdiv.pkgs.visualstudio.com/OnlineServices/_packaging/AzureNotebooksEntry/npm/registry/typescript/-/typescript-4.8.4.tgz",
			"integrity": "sha1-xGSryhWWaVl75flriUNQCyOOYOY=",
			"dev": true
		}
	}
}
